
Microsoft Visual Studio Solution File, Format Version 12.00
# Visual Studio Version 16
VisualStudioVersion = 16.0.32802.440
MinimumVisualStudioVersion = 10.0.40219.1
Project("{8BC9CEB8-8B4A-11D0-8D11-00A0C91BC942}") = "DoublyLinkedList", "DoublyLinkedList.vcxproj", "{9DA28C84-0B3F-4D96-98F2-56B729C00C42}"
EndProject
Global
	GlobalSection(SolutionConfigurationPlatforms) = preSolution
		Debug|x64 = Debug|x64
		Debug|x86 = Debug|x86
		Release|x64 = Release|x64
		Release|x86 = Release|x86
	EndGlobalSection
	GlobalSection(ProjectConfigurationPlatforms) = postSolution
		{9DA28C84-0B3F-4D96-98F2-56B729C00C42}.Debug|x64.ActiveCfg = Debug|x64
		{9DA28C84-0B3F-4D96-98F2-56B729C00C42}.Debug|x64.Build.0 = Debug|x64
		{9DA28C84-0B3F-4D96-98F2-56B729C00C42}.Debug|x86.ActiveCfg = Debug|Win32
		{9DA28C84-0B3F-4D96-98F2-56B729C00C42}.Debug|x86.Build.0 = Debug|Win32
		{9DA28C84-0B3F-4D96-98F2-56B729C00C42}.Release|x64.ActiveCfg = Release|x64
		{9DA28C84-0B3F-4D96-98F2-56B729C00C42}.Release|x64.Build.0 = Release|x64
		{9DA28C84-0B3F-4D96-98F2-56B729C00C42}.Release|x86.ActiveCfg = Release|Win32
		{9DA28C84-0B3F-4D96-98F2-56B729C00C42}.Release|x86.Build.0 = Release|Win32
	EndGlobalSection
	GlobalSection(SolutionProperties) = preSolution
		HideSolutionNode = FALSE
	EndGlobalSection
	GlobalSection(ExtensibilityGlobals) = postSolution
		SolutionGuid = {E9828D55-14A9-4340-81A6-868DC3449248}
	EndGlobalSection
EndGlobal
